
Microsoft Visual Studio Solution File, Format Version 12.00
# Visual Studio Version 16
VisualStudioVersion = 16.0.30503.244
MinimumVisualStudioVersion = 10.0.40219.1
Project("{FAE04EC0-301F-11D3-BF4B-00C04F79EFBC}") = "What-is-My-Token", "What-is-My-Token\What-is-My-Token.csproj", "{55C13A7F-5D68-4EA7-981F-E74531619BEF}"
EndProject
Global
	GlobalSection(SolutionConfigurationPlatforms) = preSolution
		Debug|Any CPU = Debug|Any CPU
		Release|Any CPU = Release|Any CPU
	EndGlobalSection
	GlobalSection(ProjectConfigurationPlatforms) = postSolution
		{55C13A7F-5D68-4EA7-981F-E74531619BEF}.Debug|Any CPU.ActiveCfg = Debug|Any CPU
		{55C13A7F-5D68-4EA7-981F-E74531619BEF}.Debug|Any CPU.Build.0 = Debug|Any CPU
		{55C13A7F-5D68-4EA7-981F-E74531619BEF}.Release|Any CPU.ActiveCfg = Release|Any CPU
		{55C13A7F-5D68-4EA7-981F-E74531619BEF}.Release|Any CPU.Build.0 = Release|Any CPU
	EndGlobalSection
	GlobalSection(SolutionProperties) = preSolution
		HideSolutionNode = FALSE
	EndGlobalSection
	GlobalSection(ExtensibilityGlobals) = postSolution
		SolutionGuid = {C26F8700-43D2-40AA-8B02-4DBB22F54FE7}
	EndGlobalSection
EndGlobal
